// !$*UTF8*$!
{ archiveVersion = 1; classes = {}; objectVersion = 56; objects = {
A91900000000000000000001 = { isa = PBXFileReference; lastKnownFileType = sourcecode.swift; path = "Chaarlie/App/ResearchDelivery.swift"; sourceTree = SOURCE_ROOT; };
A91900000000000000000002 = { isa = PBXBuildFile; fileRef = A91900000000000000000001; };
A91900000000000000000003 = { isa = PBXFileReference; lastKnownFileType = sourcecode.swift; path = "ChaarlieTests/ResearchDeliveryTests.swift"; sourceTree = SOURCE_ROOT; };
A91900000000000000000004 = { isa = PBXBuildFile; fileRef = A91900000000000000000003; };
A91800000000000000000001 = { isa = PBXFileReference; lastKnownFileType = sourcecode.swift; path = "Chaarlie/History/HistoryView.swift"; sourceTree = SOURCE_ROOT; };
A91800000000000000000002 = { isa = PBXBuildFile; fileRef = A91800000000000000000001; };
A91800000000000000000003 = { isa = PBXFileReference; lastKnownFileType = sourcecode.swift; path = "Chaarlie/Networking/HistoryContract.swift"; sourceTree = SOURCE_ROOT; };
A91800000000000000000004 = { isa = PBXBuildFile; fileRef = A91800000000000000000003; };
A91800000000000000000005 = { isa = PBXFileReference; lastKnownFileType = sourcecode.swift; path = "Chaarlie/Assessment/ScanResultPresentation.swift"; sourceTree = SOURCE_ROOT; };
A91800000000000000000006 = { isa = PBXBuildFile; fileRef = A91800000000000000000005; };
F01609202600000000000001 = { isa = PBXFileReference; lastKnownFileType = file; path = "Chaarlie/Resources/Fonts/Manrope.ttf"; sourceTree = SOURCE_ROOT; };
F01609202600000000000002 = { isa = PBXBuildFile; fileRef = F01609202600000000000001; };
F01609202600000000000003 = { isa = PBXFileReference; lastKnownFileType = file; path = "Chaarlie/Resources/Fonts/Manrope-OFL.txt"; sourceTree = SOURCE_ROOT; };
F01609202600000000000004 = { isa = PBXBuildFile; fileRef = F01609202600000000000003; };

23705C578AF349F99224EF11 = { isa = PBXFileReference; lastKnownFileType = text.json; path = "Chaarlie/Resources/onboarding-questions-v1.json"; sourceTree = SOURCE_ROOT; };
64026E996D2714850849E393 = { isa = PBXBuildFile; fileRef = 23705C578AF349F99224EF11; };

34287C7B84844A24032A3F95 = { isa = PBXFileReference; lastKnownFileType = sourcecode.swift; path = "ChaarlieUITests/OnboardingUITests.swift"; sourceTree = SOURCE_ROOT; };
7D164644838EF1D9DC4B3DC9 = { isa = PBXBuildFile; fileRef = 34287C7B84844A24032A3F95; };

3D0E918A98AC0CD3F68A2A0B = { isa = PBXFileReference; lastKnownFileType = sourcecode.swift; path = "ChaarlieTests/OnboardingModelTests.swift"; sourceTree = SOURCE_ROOT; };
9CAA31BEB41E1B1A0CEC8CC6 = { isa = PBXBuildFile; fileRef = 3D0E918A98AC0CD3F68A2A0B; };

5659C07048F35BFDDC4AD165 = { isa = PBXFileReference; lastKnownFileType = sourcecode.swift; path = "ChaarlieTests/OnboardingDraftTests.swift"; sourceTree = SOURCE_ROOT; };
0C0E1120AAC09493E4CCAF9E = { isa = PBXBuildFile; fileRef = 5659C07048F35BFDDC4AD165; };

AC0F32ED7B1AC489A0C46107 = { isa = PBXFileReference; lastKnownFileType = sourcecode.swift; path = "Chaarlie/QA/OnboardingFixture.swift"; sourceTree = SOURCE_ROOT; };
73C4ABD7F05B20A65CABF0B9 = { isa = PBXBuildFile; fileRef = AC0F32ED7B1AC489A0C46107; };

DB35ACF9A1AE65C47237CF3F = { isa = PBXFileReference; lastKnownFileType = sourcecode.swift; path = "Chaarlie/Onboarding/OnboardingView.swift"; sourceTree = SOURCE_ROOT; };
1AF13F65B4C28DD62F3FE862 = { isa = PBXBuildFile; fileRef = DB35ACF9A1AE65C47237CF3F; };

04766D6E7E54DBAA525670B4 = { isa = PBXFileReference; lastKnownFileType = sourcecode.swift; path = "Chaarlie/Onboarding/QuizOptionButton.swift"; sourceTree = SOURCE_ROOT; };
D85E6E671B54DCD9C71EE3E7 = { isa = PBXBuildFile; fileRef = 04766D6E7E54DBAA525670B4; };

A67A3E47460B7DDFE693A376 = { isa = PBXFileReference; lastKnownFileType = sourcecode.swift; path = "Chaarlie/Onboarding/OnboardingDraft.swift"; sourceTree = SOURCE_ROOT; };
4749AA74D03A497B4739AC43 = { isa = PBXBuildFile; fileRef = A67A3E47460B7DDFE693A376; };

9EF19EF933E5482AAEE89292 = { isa = PBXFileReference; lastKnownFileType = sourcecode.swift; path = "Chaarlie/Onboarding/OnboardingDraftStore.swift"; sourceTree = SOURCE_ROOT; };
C5B3071173A51053A8A15BF5 = { isa = PBXBuildFile; fileRef = 9EF19EF933E5482AAEE89292; };

67E9DED0E4035AFBA92FFF4C = { isa = PBXFileReference; lastKnownFileType = sourcecode.swift; path = "Chaarlie/Onboarding/OnboardingModel.swift"; sourceTree = SOURCE_ROOT; };
0EA2885AFDEC05DED4BCEEC3 = { isa = PBXBuildFile; fileRef = 67E9DED0E4035AFBA92FFF4C; };

2AFCD86CBBD3996803D21574 = { isa = PBXFileReference; lastKnownFileType = sourcecode.swift; path = "Chaarlie/Onboarding/SignedOutEntryView.swift"; sourceTree = SOURCE_ROOT; };
4B1134D56D9D179EB88733C2 = { isa = PBXBuildFile; fileRef = 2AFCD86CBBD3996803D21574; };

        F09C132BAA20260916000008 = { isa = PBXFileReference; lastKnownFileType = text.json; path = "ChaarlieTests/Fixtures/profile-edit-v1.json"; sourceTree = SOURCE_ROOT; };
        F09C132BAA20260916000009 = { isa = PBXBuildFile; fileRef = F09C132BAA20260916000008; };
		F09C132BAA20260916000002 = { isa = PBXFileReference; lastKnownFileType = sourcecode.swift; path = "Chaarlie/Networking/ProfileEditContract.swift"; sourceTree = SOURCE_ROOT; };
		F09C132BAA20260916000003 = { isa = PBXBuildFile; fileRef = F09C132BAA20260916000002; };
		F09C132BAA20260916000004 = { isa = PBXFileReference; lastKnownFileType = sourcecode.swift; path = "Chaarlie/Profile/ProfileEditView.swift"; sourceTree = SOURCE_ROOT; };
		F09C132BAA20260916000005 = { isa = PBXBuildFile; fileRef = F09C132BAA20260916000004; };
		F09C132BAA20260916000006 = { isa = PBXFileReference; lastKnownFileType = sourcecode.swift; path = "ChaarlieTests/ProfileEditTests.swift"; sourceTree = SOURCE_ROOT; };
		F09C132BAA20260916000007 = { isa = PBXBuildFile; fileRef = F09C132BAA20260916000006; };
		F09C132BAA20260912000003 = { isa = PBXFileReference; lastKnownFileType = sourcecode.swift; path = "Chaarlie/QA/DesignReviewFixture.swift"; sourceTree = SOURCE_ROOT; };
		F09C132BAA20260912000004 = { isa = PBXBuildFile; fileRef = F09C132BAA20260912000003; };
		F09C132BAA20260912000001 = { isa = PBXFileReference; lastKnownFileType = text.json; path = "ChaarlieTests/Fixtures/glossary-v1.json"; sourceTree = SOURCE_ROOT; };
		F09C132BAA20260912000002 = { isa = PBXBuildFile; fileRef = F09C132BAA20260912000001; };
		036E40479E609F562E59F115 = { isa = PBXFileReference; lastKnownFileType = sourcecode.swift; path = "Chaarlie/App/AppModel.swift"; sourceTree = SOURCE_ROOT; };
		BA8C92925A9CE87F67FE5468 = { isa = PBXBuildFile; fileRef = 036E40479E609F562E59F115; };
		1E0DB6AEDD335B0147F24CAE = { isa = PBXFileReference; lastKnownFileType = sourcecode.swift; path = "Chaarlie/App/ChaarlieApp.swift"; sourceTree = SOURCE_ROOT; };
		2F292ED5D28EB1AEBD1EFE4D = { isa = PBXBuildFile; fileRef = 1E0DB6AEDD335B0147F24CAE; };
		95BEBB4BD05B36A4EF1E2B56 = { isa = PBXFileReference; lastKnownFileType = sourcecode.swift; path = "Chaarlie/App/Theme.swift"; sourceTree = SOURCE_ROOT; };
		417C19A80D4F5870B330F24D = { isa = PBXBuildFile; fileRef = 95BEBB4BD05B36A4EF1E2B56; };
		7D965DDD4E28444B7EDEE291 = { isa = PBXFileReference; lastKnownFileType = sourcecode.swift; path = "Chaarlie/Assessment/AssessmentSheet.swift"; sourceTree = SOURCE_ROOT; };
		BF1B88D8F78473C7F569604A = { isa = PBXBuildFile; fileRef = 7D965DDD4E28444B7EDEE291; };
		9792F49A2CC0C786B6FC0DB8 = { isa = PBXFileReference; lastKnownFileType = sourcecode.swift; path = "Chaarlie/Auth/KeychainSessionStore.swift"; sourceTree = SOURCE_ROOT; };
		25BBD21B38BF8C6C68D501BE = { isa = PBXBuildFile; fileRef = 9792F49A2CC0C786B6FC0DB8; };
		0B07AC33A9DC21FC935605C3 = { isa = PBXFileReference; lastKnownFileType = sourcecode.swift; path = "Chaarlie/Auth/LoginView.swift"; sourceTree = SOURCE_ROOT; };
		1E78125631BBC604FA72DFF5 = { isa = PBXBuildFile; fileRef = 0B07AC33A9DC21FC935605C3; };
		7B231330A69E656446409F1E = { isa = PBXFileReference; lastKnownFileType = sourcecode.swift; path = "Chaarlie/Networking/MobileClient.swift"; sourceTree = SOURCE_ROOT; };
		A175E6010000000000000001 = { isa = PBXFileReference; lastKnownFileType = sourcecode.swift; path = "Chaarlie/Networking/RegistrationContract.swift"; sourceTree = SOURCE_ROOT; };
		A175E6010000000000000002 = { isa = PBXBuildFile; fileRef = A175E6010000000000000001; };
		A175E6010000000000000003 = { isa = PBXFileReference; lastKnownFileType = sourcecode.swift; path = "Chaarlie/Onboarding/MobileOnboardingGateway.swift"; sourceTree = SOURCE_ROOT; };
		A175E6010000000000000004 = { isa = PBXBuildFile; fileRef = A175E6010000000000000003; };
		8F553268A5D3AACF33447EF7 = { isa = PBXBuildFile; fileRef = 7B231330A69E656446409F1E; };
		39CC76C371ECD02AF22F448C = { isa = PBXFileReference; lastKnownFileType = sourcecode.swift; path = "Chaarlie/Networking/ScanContract.swift"; sourceTree = SOURCE_ROOT; };
		1688EC4DE198C9DD8E65D977 = { isa = PBXBuildFile; fileRef = 39CC76C371ECD02AF22F448C; };
		C5E7D2B01CEB5E23F22200D7 = { isa = PBXFileReference; lastKnownFileType = sourcecode.swift; path = "Chaarlie/Profile/ProfileView.swift"; sourceTree = SOURCE_ROOT; };
		659E8996DC1F394F570B874B = { isa = PBXBuildFile; fileRef = C5E7D2B01CEB5E23F22200D7; };
		A0AC619C2C3D655D64B958BC = { isa = PBXFileReference; lastKnownFileType = sourcecode.swift; path = "Chaarlie/Scanner/CameraController.swift"; sourceTree = SOURCE_ROOT; };
		2EFA09FD9DB1B9FB3FB78FB5 = { isa = PBXBuildFile; fileRef = A0AC619C2C3D655D64B958BC; };
		4590411249BC07D22B062134 = { isa = PBXFileReference; lastKnownFileType = sourcecode.swift; path = "Chaarlie/Scanner/ScannerView.swift"; sourceTree = SOURCE_ROOT; };
		2502714D8686ACF8D0202455 = { isa = PBXBuildFile; fileRef = 4590411249BC07D22B062134; };
		4F7940B448C754D04078751C = { isa = PBXFileReference; lastKnownFileType = sourcecode.swift; path = "ChaarlieTests/AccountSafetyTests.swift"; sourceTree = SOURCE_ROOT; };
		79C5EFBC54D469CD7AD63A09 = { isa = PBXBuildFile; fileRef = 4F7940B448C754D04078751C; };
		3B54F42C9D12BCDE1C7CEC56 = { isa = PBXFileReference; lastKnownFileType = sourcecode.swift; path = "ChaarlieTests/MobileContractTests.swift"; sourceTree = SOURCE_ROOT; };
		FA854B5026F0D26D36F8E3E9 = { isa = PBXBuildFile; fileRef = 3B54F42C9D12BCDE1C7CEC56; };
		C07E8D023D7930667A839F89 = { isa = PBXFileReference; lastKnownFileType = sourcecode.swift; path = "ChaarlieUITests/ChaarlieUITests.swift"; sourceTree = SOURCE_ROOT; };
		E3CF1FE9FB5692C6D28D7BC5 = { isa = PBXBuildFile; fileRef = C07E8D023D7930667A839F89; };
		6FCB026D419B987659D0C0D9 = { isa = PBXFileReference; lastKnownFileType = file; path = "Chaarlie/Resources/Fonts/PlayfairDisplay-OFL.txt"; sourceTree = SOURCE_ROOT; };
		21B82A65A15766590649D7BF = { isa = PBXBuildFile; fileRef = 6FCB026D419B987659D0C0D9; };
		3430AC0A1876CE6DA69EF4B8 = { isa = PBXFileReference; lastKnownFileType = file; path = "Chaarlie/Resources/Fonts/PlayfairDisplay-Regular.ttf"; sourceTree = SOURCE_ROOT; };
		68D9956225BD1417FEB53DA0 = { isa = PBXBuildFile; fileRef = 3430AC0A1876CE6DA69EF4B8; };
		C4F18FC183A40231FF3A62AC = { isa = PBXFileReference; lastKnownFileType = file; path = "Chaarlie/Resources/Fonts/PlusJakartaSans-OFL.txt"; sourceTree = SOURCE_ROOT; };
		79D2C070C5161E3F8CFD11E6 = { isa = PBXBuildFile; fileRef = C4F18FC183A40231FF3A62AC; };
		7B6A3871A66467A8691BC762 = { isa = PBXFileReference; lastKnownFileType = file; path = "Chaarlie/Resources/Fonts/PlusJakartaSans-Regular.ttf"; sourceTree = SOURCE_ROOT; };
		9562D0784FC20531898CDD7E = { isa = PBXBuildFile; fileRef = 7B6A3871A66467A8691BC762; };
		66D9540AC9C50C5474B2C34E = { isa = PBXFileReference; lastKnownFileType = text.json; path = "ChaarlieTests/Fixtures/scan-v1.json"; sourceTree = SOURCE_ROOT; };
		CC9A54631360C3087A6A2714 = { isa = PBXBuildFile; fileRef = 66D9540AC9C50C5474B2C34E; };
		9323E6CCFFF3D9047643B794 = { isa = PBXFileReference; explicitFileType = wrapper.application; path = Chaarlie.app; sourceTree = BUILT_PRODUCTS_DIR; };
		C739885D57492F83BD09888F = { isa = PBXFileReference; explicitFileType = wrapper.cfbundle; path = ChaarlieTests.xctest; sourceTree = BUILT_PRODUCTS_DIR; };
		A2BAA2DC95453C0B383FB9A7 = { isa = PBXFileReference; explicitFileType = wrapper.cfbundle; path = ChaarlieUITests.xctest; sourceTree = BUILT_PRODUCTS_DIR; };
		FBDC4F23F93125BBEEAE800C = { isa = PBXGroup; children = (9323E6CCFFF3D9047643B794,C739885D57492F83BD09888F,A2BAA2DC95453C0B383FB9A7); name = Products; sourceTree = "<group>"; };
		DC76E9F0C0006E8F919E0C51 = { isa = PBXGroup; children = (A91900000000000000000001,A91900000000000000000003,A91800000000000000000001,A91800000000000000000003,A91800000000000000000005,F01609202600000000000001,F01609202600000000000003,23705C578AF349F99224EF11,34287C7B84844A24032A3F95,3D0E918A98AC0CD3F68A2A0B,5659C07048F35BFDDC4AD165,AC0F32ED7B1AC489A0C46107,DB35ACF9A1AE65C47237CF3F,04766D6E7E54DBAA525670B4,A67A3E47460B7DDFE693A376,9EF19EF933E5482AAEE89292,67E9DED0E4035AFBA92FFF4C,2AFCD86CBBD3996803D21574,F09C132BAA20260916000008,F09C132BAA20260916000002,F09C132BAA20260916000004,F09C132BAA20260916000006,036E40479E609F562E59F115,1E0DB6AEDD335B0147F24CAE,95BEBB4BD05B36A4EF1E2B56,7D965DDD4E28444B7EDEE291,9792F49A2CC0C786B6FC0DB8,0B07AC33A9DC21FC935605C3,7B231330A69E656446409F1E,39CC76C371ECD02AF22F448C,C5E7D2B01CEB5E23F22200D7,A0AC619C2C3D655D64B958BC,4590411249BC07D22B062134,4F7940B448C754D04078751C,3B54F42C9D12BCDE1C7CEC56,C07E8D023D7930667A839F89,6FCB026D419B987659D0C0D9,3430AC0A1876CE6DA69EF4B8,C4F18FC183A40231FF3A62AC,7B6A3871A66467A8691BC762,66D9540AC9C50C5474B2C34E,FBDC4F23F93125BBEEAE800C); sourceTree = "<group>"; };
		BE568C8B8775A53E88DEA585 = { isa = PBXSourcesBuildPhase; buildActionMask = 2147483647; files = (A91900000000000000000002,A91800000000000000000002,A91800000000000000000004,A91800000000000000000006,73C4ABD7F05B20A65CABF0B9,1AF13F65B4C28DD62F3FE862,D85E6E671B54DCD9C71EE3E7,4749AA74D03A497B4739AC43,C5B3071173A51053A8A15BF5,0EA2885AFDEC05DED4BCEEC3,4B1134D56D9D179EB88733C2,F09C132BAA20260916000005,F09C132BAA20260916000003,F09C132BAA20260912000004,BA8C92925A9CE87F67FE5468,2F292ED5D28EB1AEBD1EFE4D,417C19A80D4F5870B330F24D,BF1B88D8F78473C7F569604A,25BBD21B38BF8C6C68D501BE,1E78125631BBC604FA72DFF5,8F553268A5D3AACF33447EF7,A175E6010000000000000002,A175E6010000000000000004,1688EC4DE198C9DD8E65D977,659E8996DC1F394F570B874B,2EFA09FD9DB1B9FB3FB78FB5,2502714D8686ACF8D0202455); runOnlyForDeploymentPostprocessing = 0; };
		D4520E6876F28455E47D787E = { isa = PBXResourcesBuildPhase; buildActionMask = 2147483647; files = (F01609202600000000000002,F01609202600000000000004,64026E996D2714850849E393,F09C132BAA20260916000009,21B82A65A15766590649D7BF,68D9956225BD1417FEB53DA0,79D2C070C5161E3F8CFD11E6,9562D0784FC20531898CDD7E); runOnlyForDeploymentPostprocessing = 0; };
		827440ADC922A89F95E2E3DB = { isa = PBXFrameworksBuildPhase; buildActionMask = 2147483647; files = (); runOnlyForDeploymentPostprocessing = 0; };
		17B16D6468471E4211A9AAD5 = { isa = XCBuildConfiguration; buildSettings = {PRODUCT_NAME = "$(TARGET_NAME)"; PRODUCT_BUNDLE_IDENTIFIER = de.chaarlie.scanner.local; SWIFT_VERSION = 5.0; IPHONEOS_DEPLOYMENT_TARGET = 18.0; TARGETED_DEVICE_FAMILY = 1; CODE_SIGN_STYLE = Automatic; GENERATE_INFOPLIST_FILE = YES; SWIFT_EMIT_LOC_STRINGS = YES; INFOPLIST_FILE = Chaarlie/Resources/Info-Debug.plist; "CODE_SIGN_ENTITLEMENTS[sdk=iphonesimulator*]" = Chaarlie/Resources/Simulator.entitlements; LD_RUNPATH_SEARCH_PATHS = "$(inherited) @executable_path/Frameworks"; SWIFT_ACTIVE_COMPILATION_CONDITIONS = "DEBUG $(inherited)";}; name = Debug; };
		BC6D27FF81750F71603C3D80 = { isa = XCBuildConfiguration; buildSettings = {PRODUCT_NAME = "$(TARGET_NAME)"; PRODUCT_BUNDLE_IDENTIFIER = de.chaarlie.scanner.local; SWIFT_VERSION = 5.0; IPHONEOS_DEPLOYMENT_TARGET = 18.0; TARGETED_DEVICE_FAMILY = 1; CODE_SIGN_STYLE = Automatic; GENERATE_INFOPLIST_FILE = YES; SWIFT_EMIT_LOC_STRINGS = YES; INFOPLIST_FILE = Chaarlie/Resources/Info-Release.plist; LD_RUNPATH_SEARCH_PATHS = "$(inherited) @executable_path/Frameworks";}; name = Release; };
		A7010101A7010101A7010101 = { isa = XCBuildConfiguration; buildSettings = {PRODUCT_NAME = "$(TARGET_NAME)"; PRODUCT_BUNDLE_IDENTIFIER = de.chaarlie.scanner.pilot; SWIFT_VERSION = 5.0; IPHONEOS_DEPLOYMENT_TARGET = 18.0; TARGETED_DEVICE_FAMILY = 1; CODE_SIGN_STYLE = Automatic; GENERATE_INFOPLIST_FILE = YES; SWIFT_EMIT_LOC_STRINGS = YES; INFOPLIST_FILE = Chaarlie/Resources/Info-HostedPilot.plist; "CODE_SIGN_ENTITLEMENTS[sdk=iphonesimulator*]" = Chaarlie/Resources/Simulator-HostedPilot.entitlements; LD_RUNPATH_SEARCH_PATHS = "$(inherited) @executable_path/Frameworks"; SWIFT_ACTIVE_COMPILATION_CONDITIONS = "HOSTED_PILOT $(inherited)";}; name = HostedPilot; };
		A1061753C22A3432E4F0F211 = { isa = XCConfigurationList; buildConfigurations = (17B16D6468471E4211A9AAD5,BC6D27FF81750F71603C3D80,A7010101A7010101A7010101); defaultConfigurationIsVisible = 0; defaultConfigurationName = Release; };
		02866CAF1E50BF3CACC25351 = { isa = PBXNativeTarget; buildConfigurationList = A1061753C22A3432E4F0F211; buildPhases = (BE568C8B8775A53E88DEA585,827440ADC922A89F95E2E3DB,D4520E6876F28455E47D787E); buildRules = (); dependencies = (); name = Chaarlie; productName = Chaarlie; productReference = 9323E6CCFFF3D9047643B794; productType = "com.apple.product-type.application"; };
		6B86D457636788D2A4575C7C = { isa = PBXSourcesBuildPhase; buildActionMask = 2147483647; files = (A91900000000000000000004,9CAA31BEB41E1B1A0CEC8CC6,0C0E1120AAC09493E4CCAF9E,F09C132BAA20260916000007,79C5EFBC54D469CD7AD63A09,FA854B5026F0D26D36F8E3E9); runOnlyForDeploymentPostprocessing = 0; };
		B7E13834D3EC0A49D39B932F = { isa = PBXResourcesBuildPhase; buildActionMask = 2147483647; files = (64026E996D2714850849E393,F09C132BAA20260916000009,CC9A54631360C3087A6A2714,F09C132BAA20260912000002); runOnlyForDeploymentPostprocessing = 0; };
		069532318CC221F6BF0CD200 = { isa = PBXFrameworksBuildPhase; buildActionMask = 2147483647; files = (); runOnlyForDeploymentPostprocessing = 0; };
		94F7A484D396CC9D2BEF821C = { isa = XCBuildConfiguration; buildSettings = {PRODUCT_NAME = "$(TARGET_NAME)"; PRODUCT_BUNDLE_IDENTIFIER = de.chaarlie.scanner.local.ChaarlieTests; SWIFT_VERSION = 5.0; IPHONEOS_DEPLOYMENT_TARGET = 18.0; TARGETED_DEVICE_FAMILY = 1; CODE_SIGN_STYLE = Automatic; GENERATE_INFOPLIST_FILE = YES; SWIFT_EMIT_LOC_STRINGS = YES; LD_RUNPATH_SEARCH_PATHS = "$(inherited) @executable_path/Frameworks @loader_path/Frameworks"; TEST_HOST = "$(BUILT_PRODUCTS_DIR)/Chaarlie.app/$(BUNDLE_EXECUTABLE_FOLDER_PATH)/Chaarlie"; BUNDLE_LOADER = "$(TEST_HOST)"; SWIFT_ACTIVE_COMPILATION_CONDITIONS = "DEBUG $(inherited)";}; name = Debug; };
		A5FD21D51A2A0881A4028AFE = { isa = XCBuildConfiguration; buildSettings = {PRODUCT_NAME = "$(TARGET_NAME)"; PRODUCT_BUNDLE_IDENTIFIER = de.chaarlie.scanner.local.ChaarlieTests; SWIFT_VERSION = 5.0; IPHONEOS_DEPLOYMENT_TARGET = 18.0; TARGETED_DEVICE_FAMILY = 1; CODE_SIGN_STYLE = Automatic; GENERATE_INFOPLIST_FILE = YES; SWIFT_EMIT_LOC_STRINGS = YES; LD_RUNPATH_SEARCH_PATHS = "$(inherited) @executable_path/Frameworks @loader_path/Frameworks"; TEST_HOST = "$(BUILT_PRODUCTS_DIR)/Chaarlie.app/$(BUNDLE_EXECUTABLE_FOLDER_PATH)/Chaarlie"; BUNDLE_LOADER = "$(TEST_HOST)";}; name = Release; };
		A7010102A7010102A7010102 = { isa = XCBuildConfiguration; buildSettings = {PRODUCT_NAME = "$(TARGET_NAME)"; PRODUCT_BUNDLE_IDENTIFIER = de.chaarlie.scanner.pilot.ChaarlieTests; SWIFT_VERSION = 5.0; IPHONEOS_DEPLOYMENT_TARGET = 18.0; TARGETED_DEVICE_FAMILY = 1; CODE_SIGN_STYLE = Automatic; GENERATE_INFOPLIST_FILE = YES; SWIFT_EMIT_LOC_STRINGS = YES; LD_RUNPATH_SEARCH_PATHS = "$(inherited) @executable_path/Frameworks @loader_path/Frameworks"; TEST_HOST = "$(BUILT_PRODUCTS_DIR)/Chaarlie.app/$(BUNDLE_EXECUTABLE_FOLDER_PATH)/Chaarlie"; BUNDLE_LOADER = "$(TEST_HOST)";}; name = HostedPilot; };
		9D70131A83B24E8FEC8314FC = { isa = XCConfigurationList; buildConfigurations = (94F7A484D396CC9D2BEF821C,A5FD21D51A2A0881A4028AFE,A7010102A7010102A7010102); defaultConfigurationIsVisible = 0; defaultConfigurationName = Release; };
		B61775FACE0BF9A9B6DF0C37 = { isa = PBXContainerItemProxy; containerPortal = 98F54143AB4E86B28C3AFEE0; proxyType = 1; remoteGlobalIDString = 02866CAF1E50BF3CACC25351; remoteInfo = Chaarlie; };
		A4E015B4D8B9575BDDE89C7D = { isa = PBXTargetDependency; target = 02866CAF1E50BF3CACC25351; targetProxy = B61775FACE0BF9A9B6DF0C37; };
		D6AC059B46188EE7057E089A = { isa = PBXNativeTarget; buildConfigurationList = 9D70131A83B24E8FEC8314FC; buildPhases = (6B86D457636788D2A4575C7C,069532318CC221F6BF0CD200,B7E13834D3EC0A49D39B932F); buildRules = (); dependencies = (A4E015B4D8B9575BDDE89C7D); name = ChaarlieTests; productName = ChaarlieTests; productReference = C739885D57492F83BD09888F; productType = "com.apple.product-type.bundle.unit-test"; };
		D978F02C2116161AFE560A92 = { isa = PBXSourcesBuildPhase; buildActionMask = 2147483647; files = (7D164644838EF1D9DC4B3DC9,E3CF1FE9FB5692C6D28D7BC5); runOnlyForDeploymentPostprocessing = 0; };
		3F1825AA6F07793818DB80FF = { isa = PBXResourcesBuildPhase; buildActionMask = 2147483647; files = (F09C132BAA20260916000009,CC9A54631360C3087A6A2714,F09C132BAA20260912000002); runOnlyForDeploymentPostprocessing = 0; };
		635E2A99597CB58DFE1E220D = { isa = PBXFrameworksBuildPhase; buildActionMask = 2147483647; files = (); runOnlyForDeploymentPostprocessing = 0; };
		082B4D6C92FCFFBAA3388437 = { isa = XCBuildConfiguration; buildSettings = {PRODUCT_NAME = "$(TARGET_NAME)"; PRODUCT_BUNDLE_IDENTIFIER = de.chaarlie.scanner.local.ChaarlieUITests; SWIFT_VERSION = 5.0; IPHONEOS_DEPLOYMENT_TARGET = 18.0; TARGETED_DEVICE_FAMILY = 1; CODE_SIGN_STYLE = Automatic; GENERATE_INFOPLIST_FILE = YES; SWIFT_EMIT_LOC_STRINGS = YES; LD_RUNPATH_SEARCH_PATHS = "$(inherited) @executable_path/Frameworks @loader_path/Frameworks"; TEST_TARGET_NAME = Chaarlie; SWIFT_ACTIVE_COMPILATION_CONDITIONS = "DEBUG $(inherited)";}; name = Debug; };
		DC0377F55D6896CB4581E1A8 = { isa = XCBuildConfiguration; buildSettings = {PRODUCT_NAME = "$(TARGET_NAME)"; PRODUCT_BUNDLE_IDENTIFIER = de.chaarlie.scanner.local.ChaarlieUITests; SWIFT_VERSION = 5.0; IPHONEOS_DEPLOYMENT_TARGET = 18.0; TARGETED_DEVICE_FAMILY = 1; CODE_SIGN_STYLE = Automatic; GENERATE_INFOPLIST_FILE = YES; SWIFT_EMIT_LOC_STRINGS = YES; LD_RUNPATH_SEARCH_PATHS = "$(inherited) @executable_path/Frameworks @loader_path/Frameworks"; TEST_TARGET_NAME = Chaarlie;}; name = Release; };
		A7010103A7010103A7010103 = { isa = XCBuildConfiguration; buildSettings = {PRODUCT_NAME = "$(TARGET_NAME)"; PRODUCT_BUNDLE_IDENTIFIER = de.chaarlie.scanner.pilot.ChaarlieUITests; SWIFT_VERSION = 5.0; IPHONEOS_DEPLOYMENT_TARGET = 18.0; TARGETED_DEVICE_FAMILY = 1; CODE_SIGN_STYLE = Automatic; GENERATE_INFOPLIST_FILE = YES; SWIFT_EMIT_LOC_STRINGS = YES; LD_RUNPATH_SEARCH_PATHS = "$(inherited) @executable_path/Frameworks @loader_path/Frameworks"; TEST_TARGET_NAME = Chaarlie;}; name = HostedPilot; };
		871E176D1FB9B8FB05B09609 = { isa = XCConfigurationList; buildConfigurations = (082B4D6C92FCFFBAA3388437,DC0377F55D6896CB4581E1A8,A7010103A7010103A7010103); defaultConfigurationIsVisible = 0; defaultConfigurationName = Release; };
		54CB4E38A0277DE60D7F6890 = { isa = PBXContainerItemProxy; containerPortal = 98F54143AB4E86B28C3AFEE0; proxyType = 1; remoteGlobalIDString = 02866CAF1E50BF3CACC25351; remoteInfo = Chaarlie; };
		02090CC0FE6F2FBB37CB50FA = { isa = PBXTargetDependency; target = 02866CAF1E50BF3CACC25351; targetProxy = 54CB4E38A0277DE60D7F6890; };
		3E4EF71BED16FAAC4CC1E401 = { isa = PBXNativeTarget; buildConfigurationList = 871E176D1FB9B8FB05B09609; buildPhases = (D978F02C2116161AFE560A92,635E2A99597CB58DFE1E220D,3F1825AA6F07793818DB80FF); buildRules = (); dependencies = (02090CC0FE6F2FBB37CB50FA); name = ChaarlieUITests; productName = ChaarlieUITests; productReference = A2BAA2DC95453C0B383FB9A7; productType = "com.apple.product-type.bundle.ui-testing"; };
		89E1FD6268CC0F221A2BE178 = { isa = XCBuildConfiguration; buildSettings = { CHAARLIE_CONNECTED_TESTS = 0; SDKROOT = iphoneos; CLANG_ENABLE_MODULES = YES; CLANG_ENABLE_OBJC_ARC = YES; SWIFT_STRICT_CONCURRENCY = complete; SWIFT_OPTIMIZATION_LEVEL = "-Onone"; ENABLE_TESTABILITY = YES; DEBUG_INFORMATION_FORMAT = dwarf; }; name = Debug; };
		E6DE6C99132752C914FEF632 = { isa = XCBuildConfiguration; buildSettings = { CHAARLIE_CONNECTED_TESTS = 0; SDKROOT = iphoneos; CLANG_ENABLE_MODULES = YES; CLANG_ENABLE_OBJC_ARC = YES; SWIFT_STRICT_CONCURRENCY = complete; SWIFT_OPTIMIZATION_LEVEL = "-O"; DEBUG_INFORMATION_FORMAT = "dwarf-with-dsym"; }; name = Release; };
		A7010104A7010104A7010104 = { isa = XCBuildConfiguration; buildSettings = { CHAARLIE_CONNECTED_TESTS = 0; SDKROOT = iphoneos; CLANG_ENABLE_MODULES = YES; CLANG_ENABLE_OBJC_ARC = YES; SWIFT_STRICT_CONCURRENCY = complete; SWIFT_OPTIMIZATION_LEVEL = "-Onone"; ENABLE_TESTABILITY = YES; DEBUG_INFORMATION_FORMAT = dwarf; }; name = HostedPilot; };
		862894B703A6DEDF96A9DD6C = { isa = XCConfigurationList; buildConfigurations = (89E1FD6268CC0F221A2BE178,E6DE6C99132752C914FEF632,A7010104A7010104A7010104); defaultConfigurationIsVisible = 0; defaultConfigurationName = Release; };
		98F54143AB4E86B28C3AFEE0 = { isa = PBXProject; attributes = { BuildIndependentTargetsInParallel = YES; LastSwiftUpdateCheck = 2660; LastUpgradeCheck = 2660; }; buildConfigurationList = 862894B703A6DEDF96A9DD6C; compatibilityVersion = "Xcode 14.0"; developmentRegion = de; hasScannedForEncodings = 0; knownRegions = (de,Base,en); mainGroup = DC76E9F0C0006E8F919E0C51; productRefGroup = FBDC4F23F93125BBEEAE800C; projectDirPath = ""; projectRoot = ""; targets = (02866CAF1E50BF3CACC25351,D6AC059B46188EE7057E089A,3E4EF71BED16FAAC4CC1E401); };
}; rootObject = 98F54143AB4E86B28C3AFEE0; }
