{
  "version": "5",
  "specifiers": {
    "npm:jose@6.2.12": "6.2.12"
  },
  "npm": {
    "jose@6.2.12": {
      "integrity": "sha512-9NiFmJEex0sy2Dk58j2UGBSHgUs2ypF9eZSu4L6vjOX3Dp96Sw1F3uL+H+D1sx02jZZdzUT0HgvCy59CuvXcWw=="
    }
  },
  "remote": {
    "https://esm.sh/standardwebhooks@1.0.0": "b8cafcb7e9a890c14c0eb74cb093f36333000122e2276cc204818f6a680c8ba9"
  },
  "workspace": {
    "dependencies": [
      "npm:jose@6.2.12"
    ]
  }
}
